
Microsoft Visual Studio Solution File, Format Version 12.00
# Visual Studio Version 17
VisualStudioVersion = 17.5.33516.290
MinimumVisualStudioVersion = 10.0.40219.1
Project("{FAE04EC0-301F-11D3-BF4B-00C04F79EFBC}") = "I03 - Conversor binario", "I03 - Conversor binario\I03 - Conversor binario.csproj", "{B7407ADA-0809-4150-97A5-58CA622C8E8D}"
EndProject
Project("{FAE04EC0-301F-11D3-BF4B-00C04F79EFBC}") = "Entidades", "Entidades\Entidades.csproj", "{EEF55F84-F4EB-406F-B906-5B9FD0AC220B}"
EndProject
Global
	GlobalSection(SolutionConfigurationPlatforms) = preSolution
		Debug|Any CPU = Debug|Any CPU
		Release|Any CPU = Release|Any CPU
	EndGlobalSection
	GlobalSection(ProjectConfigurationPlatforms) = postSolution
		{B7407ADA-0809-4150-97A5-58CA622C8E8D}.Debug|Any CPU.ActiveCfg = Debug|Any CPU
		{B7407ADA-0809-4150-97A5-58CA622C8E8D}.Debug|Any CPU.Build.0 = Debug|Any CPU
		{B7407ADA-0809-4150-97A5-58CA622C8E8D}.Release|Any CPU.ActiveCfg = Release|Any CPU
		{B7407ADA-0809-4150-97A5-58CA622C8E8D}.Release|Any CPU.Build.0 = Release|Any CPU
		{EEF55F84-F4EB-406F-B906-5B9FD0AC220B}.Debug|Any CPU.ActiveCfg = Debug|Any CPU
		{EEF55F84-F4EB-406F-B906-5B9FD0AC220B}.Debug|Any CPU.Build.0 = Debug|Any CPU
		{EEF55F84-F4EB-406F-B906-5B9FD0AC220B}.Release|Any CPU.ActiveCfg = Release|Any CPU
		{EEF55F84-F4EB-406F-B906-5B9FD0AC220B}.Release|Any CPU.Build.0 = Release|Any CPU
	EndGlobalSection
	GlobalSection(SolutionProperties) = preSolution
		HideSolutionNode = FALSE
	EndGlobalSection
	GlobalSection(ExtensibilityGlobals) = postSolution
		SolutionGuid = {CD28DD0F-A81F-4DA6-95C3-9C7867DF0F37}
	EndGlobalSection
EndGlobal
