
Microsoft Visual Studio Solution File, Format Version 12.00
# Visual Studio Version 17
VisualStudioVersion = 17.5.33516.290
MinimumVisualStudioVersion = 10.0.40219.1
Project("{9A19103F-16F7-4668-BE54-9A1E7A4F7556}") = "I01 - Máximo, mínimo y promedio", "I01 - Máximo, mínimo y promedio.csproj", "{D10B8912-8B22-40C2-ADA4-0C16D13B2817}"
EndProject
Global
	GlobalSection(SolutionConfigurationPlatforms) = preSolution
		Debug|Any CPU = Debug|Any CPU
		Release|Any CPU = Release|Any CPU
	EndGlobalSection
	GlobalSection(ProjectConfigurationPlatforms) = postSolution
		{D10B8912-8B22-40C2-ADA4-0C16D13B2817}.Debug|Any CPU.ActiveCfg = Debug|Any CPU
		{D10B8912-8B22-40C2-ADA4-0C16D13B2817}.Debug|Any CPU.Build.0 = Debug|Any CPU
		{D10B8912-8B22-40C2-ADA4-0C16D13B2817}.Release|Any CPU.ActiveCfg = Release|Any CPU
		{D10B8912-8B22-40C2-ADA4-0C16D13B2817}.Release|Any CPU.Build.0 = Release|Any CPU
	EndGlobalSection
	GlobalSection(SolutionProperties) = preSolution
		HideSolutionNode = FALSE
	EndGlobalSection
	GlobalSection(ExtensibilityGlobals) = postSolution
		SolutionGuid = {46FFB4D5-A9DA-47B5-8110-E430494C8D19}
	EndGlobalSection
EndGlobal
