
Microsoft Visual Studio Solution File, Format Version 12.00
# Visual Studio Version 17
VisualStudioVersion = 17.5.33516.290
MinimumVisualStudioVersion = 10.0.40219.1
Project("{FAE04EC0-301F-11D3-BF4B-00C04F79EFBC}") = "I02 - Desea continuar", "I02 - Desea continuar\I02 - Desea continuar.csproj", "{20C627F2-A3F5-4846-BF81-FE18602DB4ED}"
EndProject
Project("{FAE04EC0-301F-11D3-BF4B-00C04F79EFBC}") = "Entidades", "Entidades\Entidades.csproj", "{D6BBE5CB-1068-4832-BEE1-201E7424B30B}"
EndProject
Global
	GlobalSection(SolutionConfigurationPlatforms) = preSolution
		Debug|Any CPU = Debug|Any CPU
		Release|Any CPU = Release|Any CPU
	EndGlobalSection
	GlobalSection(ProjectConfigurationPlatforms) = postSolution
		{20C627F2-A3F5-4846-BF81-FE18602DB4ED}.Debug|Any CPU.ActiveCfg = Debug|Any CPU
		{20C627F2-A3F5-4846-BF81-FE18602DB4ED}.Debug|Any CPU.Build.0 = Debug|Any CPU
		{20C627F2-A3F5-4846-BF81-FE18602DB4ED}.Release|Any CPU.ActiveCfg = Release|Any CPU
		{20C627F2-A3F5-4846-BF81-FE18602DB4ED}.Release|Any CPU.Build.0 = Release|Any CPU
		{D6BBE5CB-1068-4832-BEE1-201E7424B30B}.Debug|Any CPU.ActiveCfg = Debug|Any CPU
		{D6BBE5CB-1068-4832-BEE1-201E7424B30B}.Debug|Any CPU.Build.0 = Debug|Any CPU
		{D6BBE5CB-1068-4832-BEE1-201E7424B30B}.Release|Any CPU.ActiveCfg = Release|Any CPU
		{D6BBE5CB-1068-4832-BEE1-201E7424B30B}.Release|Any CPU.Build.0 = Release|Any CPU
	EndGlobalSection
	GlobalSection(SolutionProperties) = preSolution
		HideSolutionNode = FALSE
	EndGlobalSection
	GlobalSection(ExtensibilityGlobals) = postSolution
		SolutionGuid = {A8DE9004-FA13-4BAD-842A-FD55B3635A35}
	EndGlobalSection
EndGlobal
