
Microsoft Visual Studio Solution File, Format Version 12.00
# Visual Studio Version 17
VisualStudioVersion = 17.5.33516.290
MinimumVisualStudioVersion = 10.0.40219.1
Project("{FAE04EC0-301F-11D3-BF4B-00C04F79EFBC}") = "I07 - Pitágoras estaría orgulloso", "I07 - Pitágoras estaría orgulloso\I07 - Pitágoras estaría orgulloso.csproj", "{CA2B435B-0F06-4D92-BD34-23DDFFC85B8C}"
EndProject
Global
	GlobalSection(SolutionConfigurationPlatforms) = preSolution
		Debug|Any CPU = Debug|Any CPU
		Release|Any CPU = Release|Any CPU
	EndGlobalSection
	GlobalSection(ProjectConfigurationPlatforms) = postSolution
		{CA2B435B-0F06-4D92-BD34-23DDFFC85B8C}.Debug|Any CPU.ActiveCfg = Debug|Any CPU
		{CA2B435B-0F06-4D92-BD34-23DDFFC85B8C}.Debug|Any CPU.Build.0 = Debug|Any CPU
		{CA2B435B-0F06-4D92-BD34-23DDFFC85B8C}.Release|Any CPU.ActiveCfg = Release|Any CPU
		{CA2B435B-0F06-4D92-BD34-23DDFFC85B8C}.Release|Any CPU.Build.0 = Release|Any CPU
	EndGlobalSection
	GlobalSection(SolutionProperties) = preSolution
		HideSolutionNode = FALSE
	EndGlobalSection
	GlobalSection(ExtensibilityGlobals) = postSolution
		SolutionGuid = {391881DC-3C8C-4426-B078-40A7A8A0ADCC}
	EndGlobalSection
EndGlobal
