
Microsoft Visual Studio Solution File, Format Version 12.00
# Visual Studio Version 17
VisualStudioVersion = 17.5.33516.290
MinimumVisualStudioVersion = 10.0.40219.1
Project("{FAE04EC0-301F-11D3-BF4B-00C04F79EFBC}") = "I05 - Tirame un centro", "I05 - Tirame un centro\I05 - Tirame un centro.csproj", "{D7D9E45F-D749-4B50-9A0D-43D638DB1828}"
EndProject
Global
	GlobalSection(SolutionConfigurationPlatforms) = preSolution
		Debug|Any CPU = Debug|Any CPU
		Release|Any CPU = Release|Any CPU
	EndGlobalSection
	GlobalSection(ProjectConfigurationPlatforms) = postSolution
		{D7D9E45F-D749-4B50-9A0D-43D638DB1828}.Debug|Any CPU.ActiveCfg = Debug|Any CPU
		{D7D9E45F-D749-4B50-9A0D-43D638DB1828}.Debug|Any CPU.Build.0 = Debug|Any CPU
		{D7D9E45F-D749-4B50-9A0D-43D638DB1828}.Release|Any CPU.ActiveCfg = Release|Any CPU
		{D7D9E45F-D749-4B50-9A0D-43D638DB1828}.Release|Any CPU.Build.0 = Release|Any CPU
	EndGlobalSection
	GlobalSection(SolutionProperties) = preSolution
		HideSolutionNode = FALSE
	EndGlobalSection
	GlobalSection(ExtensibilityGlobals) = postSolution
		SolutionGuid = {A3F0B68E-6CAF-4A6C-8690-A3C3C5AFB4FB}
	EndGlobalSection
EndGlobal
