
Microsoft Visual Studio Solution File, Format Version 12.00
# Visual Studio Version 17
VisualStudioVersion = 17.5.33516.290
MinimumVisualStudioVersion = 10.0.40219.1
Project("{FAE04EC0-301F-11D3-BF4B-00C04F79EFBC}") = "I05 - Aprendete las tablas", "I05 - Aprendete las tablas\I05 - Aprendete las tablas.csproj", "{39C246DD-BDBC-458A-A4D1-650527FCB648}"
EndProject
Global
	GlobalSection(SolutionConfigurationPlatforms) = preSolution
		Debug|Any CPU = Debug|Any CPU
		Release|Any CPU = Release|Any CPU
	EndGlobalSection
	GlobalSection(ProjectConfigurationPlatforms) = postSolution
		{39C246DD-BDBC-458A-A4D1-650527FCB648}.Debug|Any CPU.ActiveCfg = Debug|Any CPU
		{39C246DD-BDBC-458A-A4D1-650527FCB648}.Debug|Any CPU.Build.0 = Debug|Any CPU
		{39C246DD-BDBC-458A-A4D1-650527FCB648}.Release|Any CPU.ActiveCfg = Release|Any CPU
		{39C246DD-BDBC-458A-A4D1-650527FCB648}.Release|Any CPU.Build.0 = Release|Any CPU
	EndGlobalSection
	GlobalSection(SolutionProperties) = preSolution
		HideSolutionNode = FALSE
	EndGlobalSection
	GlobalSection(ExtensibilityGlobals) = postSolution
		SolutionGuid = {C16552B5-4678-4BAC-A688-677E7253A4B5}
	EndGlobalSection
EndGlobal
