
Microsoft Visual Studio Solution File, Format Version 12.00
# Visual Studio Version 17
VisualStudioVersion = 17.5.33516.290
MinimumVisualStudioVersion = 10.0.40219.1
Project("{FAE04EC0-301F-11D3-BF4B-00C04F79EFBC}") = "I05 - Prueba de geometría", "I05 - Prueba de geometría\I05 - Prueba de geometría.csproj", "{1673A401-16DA-46F6-8B1C-CA16E9B0FFBD}"
EndProject
Project("{FAE04EC0-301F-11D3-BF4B-00C04F79EFBC}") = "Geometria", "Geometria\Geometria.csproj", "{5DF686C4-76FD-4BD8-857D-C982BD28BB6C}"
EndProject
Global
	GlobalSection(SolutionConfigurationPlatforms) = preSolution
		Debug|Any CPU = Debug|Any CPU
		Release|Any CPU = Release|Any CPU
	EndGlobalSection
	GlobalSection(ProjectConfigurationPlatforms) = postSolution
		{1673A401-16DA-46F6-8B1C-CA16E9B0FFBD}.Debug|Any CPU.ActiveCfg = Debug|Any CPU
		{1673A401-16DA-46F6-8B1C-CA16E9B0FFBD}.Debug|Any CPU.Build.0 = Debug|Any CPU
		{1673A401-16DA-46F6-8B1C-CA16E9B0FFBD}.Release|Any CPU.ActiveCfg = Release|Any CPU
		{1673A401-16DA-46F6-8B1C-CA16E9B0FFBD}.Release|Any CPU.Build.0 = Release|Any CPU
		{5DF686C4-76FD-4BD8-857D-C982BD28BB6C}.Debug|Any CPU.ActiveCfg = Debug|Any CPU
		{5DF686C4-76FD-4BD8-857D-C982BD28BB6C}.Debug|Any CPU.Build.0 = Debug|Any CPU
		{5DF686C4-76FD-4BD8-857D-C982BD28BB6C}.Release|Any CPU.ActiveCfg = Release|Any CPU
		{5DF686C4-76FD-4BD8-857D-C982BD28BB6C}.Release|Any CPU.Build.0 = Release|Any CPU
	EndGlobalSection
	GlobalSection(SolutionProperties) = preSolution
		HideSolutionNode = FALSE
	EndGlobalSection
	GlobalSection(ExtensibilityGlobals) = postSolution
		SolutionGuid = {986319B1-1E12-4FC0-B440-7972299887E8}
	EndGlobalSection
EndGlobal
