
Microsoft Visual Studio Solution File, Format Version 12.00
# Visual Studio Version 17
VisualStudioVersion = 17.5.33516.290
MinimumVisualStudioVersion = 10.0.40219.1
Project("{FAE04EC0-301F-11D3-BF4B-00C04F79EFBC}") = "I04 - Invento argentino", "I04 - Invento argentino\I04 - Invento argentino.csproj", "{4C078BFF-F37F-44CD-81A0-488955A10480}"
EndProject
Project("{FAE04EC0-301F-11D3-BF4B-00C04F79EFBC}") = "Entidades", "Entidades\Entidades.csproj", "{71ACC196-30DD-4785-AE2D-F0470999CB26}"
EndProject
Global
	GlobalSection(SolutionConfigurationPlatforms) = preSolution
		Debug|Any CPU = Debug|Any CPU
		Release|Any CPU = Release|Any CPU
	EndGlobalSection
	GlobalSection(ProjectConfigurationPlatforms) = postSolution
		{4C078BFF-F37F-44CD-81A0-488955A10480}.Debug|Any CPU.ActiveCfg = Debug|Any CPU
		{4C078BFF-F37F-44CD-81A0-488955A10480}.Debug|Any CPU.Build.0 = Debug|Any CPU
		{4C078BFF-F37F-44CD-81A0-488955A10480}.Release|Any CPU.ActiveCfg = Release|Any CPU
		{4C078BFF-F37F-44CD-81A0-488955A10480}.Release|Any CPU.Build.0 = Release|Any CPU
		{71ACC196-30DD-4785-AE2D-F0470999CB26}.Debug|Any CPU.ActiveCfg = Debug|Any CPU
		{71ACC196-30DD-4785-AE2D-F0470999CB26}.Debug|Any CPU.Build.0 = Debug|Any CPU
		{71ACC196-30DD-4785-AE2D-F0470999CB26}.Release|Any CPU.ActiveCfg = Release|Any CPU
		{71ACC196-30DD-4785-AE2D-F0470999CB26}.Release|Any CPU.Build.0 = Release|Any CPU
	EndGlobalSection
	GlobalSection(SolutionProperties) = preSolution
		HideSolutionNode = FALSE
	EndGlobalSection
	GlobalSection(ExtensibilityGlobals) = postSolution
		SolutionGuid = {2D35CE64-7FBC-4AA8-9B99-24A2331FC3A2}
	EndGlobalSection
EndGlobal
