
Microsoft Visual Studio Solution File, Format Version 12.00
# Visual Studio Version 17
VisualStudioVersion = 17.5.33516.290
MinimumVisualStudioVersion = 10.0.40219.1
Project("{FAE04EC0-301F-11D3-BF4B-00C04F79EFBC}") = "I02 - Cotizador", "I02 - Cotizador\I02 - Cotizador.csproj", "{BF70FEB3-0BE4-4E43-80CC-0CBC285CCDC9}"
EndProject
Project("{FAE04EC0-301F-11D3-BF4B-00C04F79EFBC}") = "Billetes", "Entidades\Billetes.csproj", "{5ED9C366-ED4E-48B6-8CA6-C930FA1B1833}"
EndProject
Global
	GlobalSection(SolutionConfigurationPlatforms) = preSolution
		Debug|Any CPU = Debug|Any CPU
		Release|Any CPU = Release|Any CPU
	EndGlobalSection
	GlobalSection(ProjectConfigurationPlatforms) = postSolution
		{BF70FEB3-0BE4-4E43-80CC-0CBC285CCDC9}.Debug|Any CPU.ActiveCfg = Debug|Any CPU
		{BF70FEB3-0BE4-4E43-80CC-0CBC285CCDC9}.Debug|Any CPU.Build.0 = Debug|Any CPU
		{BF70FEB3-0BE4-4E43-80CC-0CBC285CCDC9}.Release|Any CPU.ActiveCfg = Release|Any CPU
		{BF70FEB3-0BE4-4E43-80CC-0CBC285CCDC9}.Release|Any CPU.Build.0 = Release|Any CPU
		{5ED9C366-ED4E-48B6-8CA6-C930FA1B1833}.Debug|Any CPU.ActiveCfg = Debug|Any CPU
		{5ED9C366-ED4E-48B6-8CA6-C930FA1B1833}.Debug|Any CPU.Build.0 = Debug|Any CPU
		{5ED9C366-ED4E-48B6-8CA6-C930FA1B1833}.Release|Any CPU.ActiveCfg = Release|Any CPU
		{5ED9C366-ED4E-48B6-8CA6-C930FA1B1833}.Release|Any CPU.Build.0 = Release|Any CPU
	EndGlobalSection
	GlobalSection(SolutionProperties) = preSolution
		HideSolutionNode = FALSE
	EndGlobalSection
	GlobalSection(ExtensibilityGlobals) = postSolution
		SolutionGuid = {AAFC826C-A027-440A-9F81-4198658234F7}
	EndGlobalSection
EndGlobal
