
Microsoft Visual Studio Solution File, Format Version 12.00
# Visual Studio Version 17
VisualStudioVersion = 17.5.33516.290
MinimumVisualStudioVersion = 10.0.40219.1
Project("{FAE04EC0-301F-11D3-BF4B-00C04F79EFBC}") = "I01 - Validador de rangos", "I01 - Validador de rangos\I01 - Validador de rangos.csproj", "{0BC7FFE4-48F1-49FE-AF70-A1325FF0537D}"
EndProject
Project("{FAE04EC0-301F-11D3-BF4B-00C04F79EFBC}") = "Entidades", "Entidades\Entidades.csproj", "{251DC684-110C-4DCF-AF54-045C6E9891D7}"
EndProject
Global
	GlobalSection(SolutionConfigurationPlatforms) = preSolution
		Debug|Any CPU = Debug|Any CPU
		Release|Any CPU = Release|Any CPU
	EndGlobalSection
	GlobalSection(ProjectConfigurationPlatforms) = postSolution
		{0BC7FFE4-48F1-49FE-AF70-A1325FF0537D}.Debug|Any CPU.ActiveCfg = Debug|Any CPU
		{0BC7FFE4-48F1-49FE-AF70-A1325FF0537D}.Debug|Any CPU.Build.0 = Debug|Any CPU
		{0BC7FFE4-48F1-49FE-AF70-A1325FF0537D}.Release|Any CPU.ActiveCfg = Release|Any CPU
		{0BC7FFE4-48F1-49FE-AF70-A1325FF0537D}.Release|Any CPU.Build.0 = Release|Any CPU
		{251DC684-110C-4DCF-AF54-045C6E9891D7}.Debug|Any CPU.ActiveCfg = Debug|Any CPU
		{251DC684-110C-4DCF-AF54-045C6E9891D7}.Debug|Any CPU.Build.0 = Debug|Any CPU
		{251DC684-110C-4DCF-AF54-045C6E9891D7}.Release|Any CPU.ActiveCfg = Release|Any CPU
		{251DC684-110C-4DCF-AF54-045C6E9891D7}.Release|Any CPU.Build.0 = Release|Any CPU
	EndGlobalSection
	GlobalSection(SolutionProperties) = preSolution
		HideSolutionNode = FALSE
	EndGlobalSection
	GlobalSection(ExtensibilityGlobals) = postSolution
		SolutionGuid = {2FEBE018-72B6-4E07-A3B8-8C9CB705A89F}
	EndGlobalSection
EndGlobal
