
Microsoft Visual Studio Solution File, Format Version 12.00
# Visual Studio Version 17
VisualStudioVersion = 17.5.33516.290
MinimumVisualStudioVersion = 10.0.40219.1
Project("{FAE04EC0-301F-11D3-BF4B-00C04F79EFBC}") = "I04 - La calculadora", "I04 - La calculadora\I04 - La calculadora.csproj", "{A2FACD06-0A8D-454E-8F61-1EE7DEDC4E93}"
EndProject
Project("{FAE04EC0-301F-11D3-BF4B-00C04F79EFBC}") = "Entidades", "Entidades\Entidades.csproj", "{CEA46D87-0924-460A-9564-D8D2177BFFEF}"
EndProject
Global
	GlobalSection(SolutionConfigurationPlatforms) = preSolution
		Debug|Any CPU = Debug|Any CPU
		Release|Any CPU = Release|Any CPU
	EndGlobalSection
	GlobalSection(ProjectConfigurationPlatforms) = postSolution
		{A2FACD06-0A8D-454E-8F61-1EE7DEDC4E93}.Debug|Any CPU.ActiveCfg = Debug|Any CPU
		{A2FACD06-0A8D-454E-8F61-1EE7DEDC4E93}.Debug|Any CPU.Build.0 = Debug|Any CPU
		{A2FACD06-0A8D-454E-8F61-1EE7DEDC4E93}.Release|Any CPU.ActiveCfg = Release|Any CPU
		{A2FACD06-0A8D-454E-8F61-1EE7DEDC4E93}.Release|Any CPU.Build.0 = Release|Any CPU
		{CEA46D87-0924-460A-9564-D8D2177BFFEF}.Debug|Any CPU.ActiveCfg = Debug|Any CPU
		{CEA46D87-0924-460A-9564-D8D2177BFFEF}.Debug|Any CPU.Build.0 = Debug|Any CPU
		{CEA46D87-0924-460A-9564-D8D2177BFFEF}.Release|Any CPU.ActiveCfg = Release|Any CPU
		{CEA46D87-0924-460A-9564-D8D2177BFFEF}.Release|Any CPU.Build.0 = Release|Any CPU
	EndGlobalSection
	GlobalSection(SolutionProperties) = preSolution
		HideSolutionNode = FALSE
	EndGlobalSection
	GlobalSection(ExtensibilityGlobals) = postSolution
		SolutionGuid = {F272FF64-D817-4902-91CE-177A592DE93E}
	EndGlobalSection
EndGlobal
