
Microsoft Visual Studio Solution File, Format Version 12.00
# Visual Studio Version 17
VisualStudioVersion = 17.5.33516.290
MinimumVisualStudioVersion = 10.0.40219.1
Project("{9A19103F-16F7-4668-BE54-9A1E7A4F7556}") = "I03 - Los primos", "I03 - Los primos.csproj", "{97EEB322-E6DB-47E7-873A-03F416888609}"
EndProject
Global
	GlobalSection(SolutionConfigurationPlatforms) = preSolution
		Debug|Any CPU = Debug|Any CPU
		Release|Any CPU = Release|Any CPU
	EndGlobalSection
	GlobalSection(ProjectConfigurationPlatforms) = postSolution
		{97EEB322-E6DB-47E7-873A-03F416888609}.Debug|Any CPU.ActiveCfg = Debug|Any CPU
		{97EEB322-E6DB-47E7-873A-03F416888609}.Debug|Any CPU.Build.0 = Debug|Any CPU
		{97EEB322-E6DB-47E7-873A-03F416888609}.Release|Any CPU.ActiveCfg = Release|Any CPU
		{97EEB322-E6DB-47E7-873A-03F416888609}.Release|Any CPU.Build.0 = Release|Any CPU
	EndGlobalSection
	GlobalSection(SolutionProperties) = preSolution
		HideSolutionNode = FALSE
	EndGlobalSection
	GlobalSection(ExtensibilityGlobals) = postSolution
		SolutionGuid = {9044FCD5-A0CF-47F8-91BA-42DE15DAC17A}
	EndGlobalSection
EndGlobal
